dependencies:
  esp_rotary:
    dependencies:
    - name: idf
      version: '>=4.1.0'
    source:
      path: /Users/bmink/devel/esp_rotary
      type: local
    version: '*'
  idf:
    source:
      type: idf
    version: 5.5.0
direct_dependencies:
- esp_rotary
- idf
manifest_hash: 47931d07d304d093ef779adad357051db3e60b94511dfd2be0eae7529f00fbb7
target: esp32s3
version: 2.0.0
